{
  "requires": true,
  "lockfileVersion": 1,
  "dependencies": {
    "systeminformation": {
      "version": "5.17.8",
      "resolved": "https://registry.npmjs.org/systeminformation/-/systeminformation-5.17.8.tgz",
      "integrity": "sha512-kMQsCOFQXqEjoDWKpYkC+ezJImrOnyTL3FZnYDZdWLTZcMW7Gomdp8zH9ztGlSo2L1iCAQXZ8HlV1bI8/Ts64g=="
    }
  }
}
